
Microsoft Visual Studio Solution File, Format Version 12.00
# Visual Studio Version 17
VisualStudioVersion = 17.4.33213.308
MinimumVisualStudioVersion = 10.0.40219.1
Project("{FAE04EC0-301F-11D3-BF4B-00C04F79EFBC}") = "HardwareMonitor", "HardwareMonitor.csproj", "{DD35A4B4-4E80-4333-9201-3FCD08F66A53}"
EndProject
Global
	GlobalSection(SolutionConfigurationPlatforms) = preSolution
		Debug|Any CPU = Debug|Any CPU
		Release|Any CPU = Release|Any CPU
	EndGlobalSection
	GlobalSection(ProjectConfigurationPlatforms) = postSolution
		{DD35A4B4-4E80-4333-9201-3FCD08F66A53}.Debug|Any CPU.ActiveCfg = Debug|Any CPU
		{DD35A4B4-4E80-4333-9201-3FCD08F66A53}.Debug|Any CPU.Build.0 = Debug|Any CPU
		{DD35A4B4-4E80-4333-9201-3FCD08F66A53}.Release|Any CPU.ActiveCfg = Release|Any CPU
		{DD35A4B4-4E80-4333-9201-3FCD08F66A53}.Release|Any CPU.Build.0 = Release|Any CPU
	EndGlobalSection
	GlobalSection(SolutionProperties) = preSolution
		HideSolutionNode = FALSE
	EndGlobalSection
	GlobalSection(ExtensibilityGlobals) = postSolution
		SolutionGuid = {090BF11B-7E59-45BF-84B1-1633124B7BDA}
	EndGlobalSection
EndGlobal
